
Microsoft Visual Studio Solution File, Format Version 12.00
# Visual Studio Version 16
VisualStudioVersion = 16.0.28922.388
MinimumVisualStudioVersion = 10.0.40219.1
Project("{FAE04EC0-301F-11D3-BF4B-00C04F79EFBC}") = "BooksApi", "BooksApi\BooksApi.csproj", "{D8B5BAAE-950F-4EEF-91E1-9A7BCA738325}"
EndProject
Global
	GlobalSection(SolutionConfigurationPlatforms) = preSolution
		Debug|Any CPU = Debug|Any CPU
		Release|Any CPU = Release|Any CPU
	EndGlobalSection
	GlobalSection(ProjectConfigurationPlatforms) = postSolution
		{D8B5BAAE-950F-4EEF-91E1-9A7BCA738325}.Debug|Any CPU.ActiveCfg = Debug|Any CPU
		{D8B5BAAE-950F-4EEF-91E1-9A7BCA738325}.Debug|Any CPU.Build.0 = Debug|Any CPU
		{D8B5BAAE-950F-4EEF-91E1-9A7BCA738325}.Release|Any CPU.ActiveCfg = Release|Any CPU
		{D8B5BAAE-950F-4EEF-91E1-9A7BCA738325}.Release|Any CPU.Build.0 = Release|Any CPU
	EndGlobalSection
	GlobalSection(SolutionProperties) = preSolution
		HideSolutionNode = FALSE
	EndGlobalSection
	GlobalSection(ExtensibilityGlobals) = postSolution
		SolutionGuid = {F06FEDC5-B102-44EA-8341-FF80FAE61FB6}
	EndGlobalSection
EndGlobal
